// !$*UTF8*$!
{
	archiveVersion = 1;
	classes = {
	};
	objectVersion = 56;
	objects = {

/* Begin PBXBuildFile section */
		910CD1372EB1C9BE009E030B /* GoogleService-Info.plist in Resources */ = {isa = PBXBuildFile; fileRef = 910CD1362EB1C9BE009E030B /* GoogleService-Info.plist */; };
		916F2E9A2EB1AD2A008F60F1 /* WhatsUpApp.swift in Sources */ = {isa = PBXBuildFile; fileRef = 916F2E992EB1AD2A008F60F1 /* WhatsUpApp.swift */; };
		916F2E9C2EB1AD2A008F60F1 /* ContentView.swift in Sources */ = {isa = PBXBuildFile; fileRef = 916F2E9B2EB1AD2A008F60F1 /* ContentView.swift */; };
		916F2E9E2EB1AD2B008F60F1 /* Assets.xcassets in Resources */ = {isa = PBXBuildFile; fileRef = 916F2E9D2EB1AD2B008F60F1 /* Assets.xcassets */; };
		916F2EA12EB1AD2B008F60F1 /* Preview Assets.xcassets in Resources */ = {isa = PBXBuildFile; fileRef = 916F2EA02EB1AD2B008F60F1 /* Preview Assets.xcassets */; };
		916F2EAB2EB1B30C008F60F1 /* FirebaseAuth in Frameworks */ = {isa = PBXBuildFile; productRef = 916F2EAA2EB1B30C008F60F1 /* FirebaseAuth */; };
		916F2EAD2EB1B30C008F60F1 /* FirebaseFirestore in Frameworks */ = {isa = PBXBuildFile; productRef = 916F2EAC2EB1B30C008F60F1 /* FirebaseFirestore */; };
		916F2EAF2EB1B30C008F60F1 /* FirebaseFirestoreSwift in Frameworks */ = {isa = PBXBuildFile; productRef = 916F2EAE2EB1B30C008F60F1 /* FirebaseFirestoreSwift */; };
		916F2EB12EB1B30C008F60F1 /* FirebaseStorage in Frameworks */ = {isa = PBXBuildFile; productRef = 916F2EB02EB1B30C008F60F1 /* FirebaseStorage */; };
		91FAECCB2EB2348300D9B44D /* SignUpView.swift in Sources */ = {isa = PBXBuildFile; fileRef = 91FAECCA2EB2348300D9B44D /* SignUpView.swift */; };
		91FAECCE2EB2356900D9B44D /* String+Extensions.swift in Sources */ = {isa = PBXBuildFile; fileRef = 91FAECCD2EB2356900D9B44D /* String+Extensions.swift */; };
		91FAECD12EB239BE00D9B44D /* Model.swift in Sources */ = {isa = PBXBuildFile; fileRef = 91FAECD02EB239BE00D9B44D /* Model.swift */; };
		91FAECD32EB23B0E00D9B44D /* LoginView.swift in Sources */ = {isa = PBXBuildFile; fileRef = 91FAECD22EB23B0E00D9B44D /* LoginView.swift */; };
		91FAECD52EB23D5400D9B44D /* MainView.swift in Sources */ = {isa = PBXBuildFile; fileRef = 91FAECD42EB23D5400D9B44D /* MainView.swift */; };
		91FAECD72EB23E4500D9B44D /* AppState.swift in Sources */ = {isa = PBXBuildFile; fileRef = 91FAECD62EB23E4500D9B44D /* AppState.swift */; };
		91FAECD92EB2424700D9B44D /* GroupListContainerView.swift in Sources */ = {isa = PBXBuildFile; fileRef = 91FAECD82EB2424700D9B44D /* GroupListContainerView.swift */; };
		91FAECDB2EB2434100D9B44D /* AddNewGroupView.swift in Sources */ = {isa = PBXBuildFile; fileRef = 91FAECDA2EB2434100D9B44D /* AddNewGroupView.swift */; };
/* End PBXBuildFile section */

/* Begin PBXFileReference section */
		910CD1362EB1C9BE009E030B /* GoogleService-Info.plist */ = {isa = PBXFileReference; fileEncoding = 4; lastKnownFileType = text.plist.xml; path = "GoogleService-Info.plist"; sourceTree = "<group>"; };
		916F2E962EB1AD2A008F60F1 /* WhatsUp.app */ = {isa = PBXFileReference; explicitFileType = wrapper.application; includeInIndex = 0; path = WhatsUp.app; sourceTree = BUILT_PRODUCTS_DIR; };
		916F2E992EB1AD2A008F60F1 /* WhatsUpApp.swift */ = {isa = PBXFileReference; lastKnownFileType = sourcecode.swift; path = WhatsUpApp.swift; sourceTree = "<group>"; };
		916F2E9B2EB1AD2A008F60F1 /* ContentView.swift */ = {isa = PBXFileReference; lastKnownFileType = sourcecode.swift; path = ContentView.swift; sourceTree = "<group>"; };
		916F2E9D2EB1AD2B008F60F1 /* Assets.xcassets */ = {isa = PBXFileReference; lastKnownFileType = folder.assetcatalog; path = Assets.xcassets; sourceTree = "<group>"; };
		916F2EA02EB1AD2B008F60F1 /* Preview Assets.xcassets */ = {isa = PBXFileReference; lastKnownFileType = folder.assetcatalog; path = "Preview Assets.xcassets"; sourceTree = "<group>"; };
		91FAECC82EB233BF00D9B44D /* README.md */ = {isa = PBXFileReference; lastKnownFileType = net.daringfireball.markdown; path = README.md; sourceTree = "<group>"; };
		91FAECCA2EB2348300D9B44D /* SignUpView.swift */ = {isa = PBXFileReference; lastKnownFileType = sourcecode.swift; path = SignUpView.swift; sourceTree = "<group>"; };
		91FAECCD2EB2356900D9B44D /* String+Extensions.swift */ = {isa = PBXFileReference; lastKnownFileType = sourcecode.swift; path = "String+Extensions.swift"; sourceTree = "<group>"; };
		91FAECD02EB239BE00D9B44D /* Model.swift */ = {isa = PBXFileReference; lastKnownFileType = sourcecode.swift; path = Model.swift; sourceTree = "<group>"; };
		91FAECD22EB23B0E00D9B44D /* LoginView.swift */ = {isa = PBXFileReference; lastKnownFileType = sourcecode.swift; path = LoginView.swift; sourceTree = "<group>"; };
		91FAECD42EB23D5400D9B44D /* MainView.swift */ = {isa = PBXFileReference; lastKnownFileType = sourcecode.swift; path = MainView.swift; sourceTree = "<group>"; };
		91FAECD62EB23E4500D9B44D /* AppState.swift */ = {isa = PBXFileReference; lastKnownFileType = sourcecode.swift; path = AppState.swift; sourceTree = "<group>"; };
		91FAECD82EB2424700D9B44D /* GroupListContainerView.swift */ = {isa = PBXFileReference; lastKnownFileType = sourcecode.swift; path = GroupListContainerView.swift; sourceTree = "<group>"; };
		91FAECDA2EB2434100D9B44D /* AddNewGroupView.swift */ = {isa = PBXFileReference; lastKnownFileType = sourcecode.swift; path = AddNewGroupView.swift; sourceTree = "<group>"; };
/* End PBXFileReference section */

/* Begin PBXFrameworksBuildPhase section */
		916F2E932EB1AD2A008F60F1 /* Frameworks */ = {
			isa = PBXFrameworksBuildPhase;
			buildActionMask = 2147483647;
			files = (
				916F2EAB2EB1B30C008F60F1 /* FirebaseAuth in Frameworks */,
				916F2EB12EB1B30C008F60F1 /* FirebaseStorage in Frameworks */,
				916F2EAD2EB1B30C008F60F1 /* FirebaseFirestore in Frameworks */,
				916F2EAF2EB1B30C008F60F1 /* FirebaseFirestoreSwift in Frameworks */,
			);
			runOnlyForDeploymentPostprocessing = 0;
		};
/* End PBXFrameworksBuildPhase section */

/* Begin PBXGroup section */
		916F2E8D2EB1AD2A008F60F1 = {
			isa = PBXGroup;
			children = (
				91FAECC82EB233BF00D9B44D /* README.md */,
				916F2E982EB1AD2A008F60F1 /* WhatsUp */,
				916F2E972EB1AD2A008F60F1 /* Products */,
			);
			sourceTree = "<group>";
		};
		916F2E972EB1AD2A008F60F1 /* Products */ = {
			isa = PBXGroup;
			children = (
				916F2E962EB1AD2A008F60F1 /* WhatsUp.app */,
			);
			name = Products;
			sourceTree = "<group>";
		};
		916F2E982EB1AD2A008F60F1 /* WhatsUp */ = {
			isa = PBXGroup;
			children = (
				91FAECCF2EB239B600D9B44D /* Models */,
				91FAECCC2EB2355E00D9B44D /* Extensions */,
				91FAECC92EB2347800D9B44D /* Views */,
				916F2E992EB1AD2A008F60F1 /* WhatsUpApp.swift */,
				910CD1362EB1C9BE009E030B /* GoogleService-Info.plist */,
				916F2E9B2EB1AD2A008F60F1 /* ContentView.swift */,
				916F2E9D2EB1AD2B008F60F1 /* Assets.xcassets */,
				916F2E9F2EB1AD2B008F60F1 /* Preview Content */,
			);
			path = WhatsUp;
			sourceTree = "<group>";
		};
		916F2E9F2EB1AD2B008F60F1 /* Preview Content */ = {
			isa = PBXGroup;
			children = (
				916F2EA02EB1AD2B008F60F1 /* Preview Assets.xcassets */,
			);
			path = "Preview Content";
			sourceTree = "<group>";
		};
		91FAECC92EB2347800D9B44D /* Views */ = {
			isa = PBXGroup;
			children = (
				91FAECCA2EB2348300D9B44D /* SignUpView.swift */,
				91FAECD22EB23B0E00D9B44D /* LoginView.swift */,
				91FAECD42EB23D5400D9B44D /* MainView.swift */,
				91FAECD82EB2424700D9B44D /* GroupListContainerView.swift */,
				91FAECDA2EB2434100D9B44D /* AddNewGroupView.swift */,
			);
			path = Views;
			sourceTree = "<group>";
		};
		91FAECCC2EB2355E00D9B44D /* Extensions */ = {
			isa = PBXGroup;
			children = (
				91FAECCD2EB2356900D9B44D /* String+Extensions.swift */,
			);
			path = Extensions;
			sourceTree = "<group>";
		};
		91FAECCF2EB239B600D9B44D /* Models */ = {
			isa = PBXGroup;
			children = (
				91FAECD02EB239BE00D9B44D /* Model.swift */,
				91FAECD62EB23E4500D9B44D /* AppState.swift */,
			);
			path = Models;
			sourceTree = "<group>";
		};
/* End PBXGroup section */

/* Begin PBXNativeTarget section */
		916F2E952EB1AD2A008F60F1 /* WhatsUp */ = {
			isa = PBXNativeTarget;
			buildConfigurationList = 916F2EA42EB1AD2B008F60F1 /* Build configuration list for PBXNativeTarget "WhatsUp" */;
			buildPhases = (
				916F2E922EB1AD2A008F60F1 /* Sources */,
				916F2E932EB1AD2A008F60F1 /* Frameworks */,
				916F2E942EB1AD2A008F60F1 /* Resources */,
			);
			buildRules = (
			);
			dependencies = (
			);
			name = WhatsUp;
			packageProductDependencies = (
				916F2EAA2EB1B30C008F60F1 /* FirebaseAuth */,
				916F2EAC2EB1B30C008F60F1 /* FirebaseFirestore */,
				916F2EAE2EB1B30C008F60F1 /* FirebaseFirestoreSwift */,
				916F2EB02EB1B30C008F60F1 /* FirebaseStorage */,
			);
			productName = WhatsUp;
			productReference = 916F2E962EB1AD2A008F60F1 /* WhatsUp.app */;
			productType = "com.apple.product-type.application";
		};
/* End PBXNativeTarget section */

/* Begin PBXProject section */
		916F2E8E2EB1AD2A008F60F1 /* Project object */ = {
			isa = PBXProject;
			attributes = {
				BuildIndependentTargetsInParallel = 1;
				LastSwiftUpdateCheck = 1430;
				LastUpgradeCheck = 1430;
				TargetAttributes = {
					916F2E952EB1AD2A008F60F1 = {
						CreatedOnToolsVersion = 14.3.1;
					};
				};
			};
			buildConfigurationList = 916F2E912EB1AD2A008F60F1 /* Build configuration list for PBXProject "WhatsUp" */;
			compatibilityVersion = "Xcode 14.0";
			developmentRegion = en;
			hasScannedForEncodings = 0;
			knownRegions = (
				en,
				Base,
			);
			mainGroup = 916F2E8D2EB1AD2A008F60F1;
			packageReferences = (
				916F2EA92EB1B30C008F60F1 /* XCRemoteSwiftPackageReference "firebase-ios-sdk" */,
				910CD12F2EB1C8F8009E030B /* XCRemoteSwiftPackageReference "deprecated-generative-ai-swift" */,
			);
			productRefGroup = 916F2E972EB1AD2A008F60F1 /* Products */;
			projectDirPath = "";
			projectRoot = "";
			targets = (
				916F2E952EB1AD2A008F60F1 /* WhatsUp */,
			);
		};
/* End PBXProject section */

/* Begin PBXResourcesBuildPhase section */
		916F2E942EB1AD2A008F60F1 /* Resources */ = {
			isa = PBXResourcesBuildPhase;
			buildActionMask = 2147483647;
			files = (
				916F2EA12EB1AD2B008F60F1 /* Preview Assets.xcassets in Resources */,
				916F2E9E2EB1AD2B008F60F1 /* Assets.xcassets in Resources */,
				910CD1372EB1C9BE009E030B /* GoogleService-Info.plist in Resources */,
			);
			runOnlyForDeploymentPostprocessing = 0;
		};
/* End PBXResourcesBuildPhase section */

/* Begin PBXSourcesBuildPhase section */
		916F2E922EB1AD2A008F60F1 /* Sources */ = {
			isa = PBXSourcesBuildPhase;
			buildActionMask = 2147483647;
			files = (
				91FAECD32EB23B0E00D9B44D /* LoginView.swift in Sources */,
				91FAECDB2EB2434100D9B44D /* AddNewGroupView.swift in Sources */,
				91FAECD52EB23D5400D9B44D /* MainView.swift in Sources */,
				91FAECD12EB239BE00D9B44D /* Model.swift in Sources */,
				91FAECD72EB23E4500D9B44D /* AppState.swift in Sources */,
				91FAECCE2EB2356900D9B44D /* String+Extensions.swift in Sources */,
				916F2E9C2EB1AD2A008F60F1 /* ContentView.swift in Sources */,
				91FAECD92EB2424700D9B44D /* GroupListContainerView.swift in Sources */,
				91FAECCB2EB2348300D9B44D /* SignUpView.swift in Sources */,
				916F2E9A2EB1AD2A008F60F1 /* WhatsUpApp.swift in Sources */,
			);
			runOnlyForDeploymentPostprocessing = 0;
		};
/* End PBXSourcesBuildPhase section */

/* Begin XCBuildConfiguration section */
		916F2EA22EB1AD2B008F60F1 /* Debug */ = {
			isa = XCBuildConfiguration;
			buildSettings = {
				ALWAYS_SEARCH_USER_PATHS = NO;
				CLANG_ANALYZER_NONNULL = YES;
				CLANG_ANALYZER_NUMBER_OBJECT_CONVERSION = YES_AGGRESSIVE;
				CLANG_CXX_LANGUAGE_STANDARD = "gnu++20";
				CLANG_ENABLE_MODULES = YES;
				CLANG_ENABLE_OBJC_ARC = YES;
				CLANG_ENABLE_OBJC_WEAK = YES;
				CLANG_WARN_BLOCK_CAPTURE_AUTORELEASING = YES;
				CLANG_WARN_BOOL_CONVERSION = YES;
				CLANG_WARN_COMMA = YES;
				CLANG_WARN_CONSTANT_CONVERSION = YES;
				CLANG_WARN_DEPRECATED_OBJC_IMPLEMENTATIONS = YES;
				CLANG_WARN_DIRECT_OBJC_ISA_USAGE = YES_ERROR;
				CLANG_WARN_DOCUMENTATION_COMMENTS = YES;
				CLANG_WARN_EMPTY_BODY = YES;
				CLANG_WARN_ENUM_CONVERSION = YES;
				CLANG_WARN_INFINITE_RECURSION = YES;
				CLANG_WARN_INT_CONVERSION = YES;
				CLANG_WARN_NON_LITERAL_NULL_CONVERSION = YES;
				CLANG_WARN_OBJC_IMPLICIT_RETAIN_SELF = YES;
				CLANG_WARN_OBJC_LITERAL_CONVERSION = YES;
				CLANG_WARN_OBJC_ROOT_CLASS = YES_ERROR;
				CLANG_WARN_QUOTED_INCLUDE_IN_FRAMEWORK_HEADER = YES;
				CLANG_WARN_RANGE_LOOP_ANALYSIS = YES;
				CLANG_WARN_STRICT_PROTOTYPES = YES;
				CLANG_WARN_SUSPICIOUS_MOVE = YES;
				CLANG_WARN_UNGUARDED_AVAILABILITY = YES_AGGRESSIVE;
				CLANG_WARN_UNREACHABLE_CODE = YES;
				CLANG_WARN__DUPLICATE_METHOD_MATCH = YES;
				COPY_PHASE_STRIP = NO;
				DEBUG_INFORMATION_FORMAT = dwarf;
				ENABLE_STRICT_OBJC_MSGSEND = YES;
				ENABLE_TESTABILITY = YES;
				GCC_C_LANGUAGE_STANDARD = gnu11;
				GCC_DYNAMIC_NO_PIC = NO;
				GCC_NO_COMMON_BLOCKS = YES;
				GCC_OPTIMIZATION_LEVEL = 0;
				GCC_PREPROCESSOR_DEFINITIONS = (
					"DEBUG=1",
					"$(inherited)",
				);
				GCC_WARN_64_TO_32_BIT_CONVERSION = YES;
				GCC_WARN_ABOUT_RETURN_TYPE = YES_ERROR;
				GCC_WARN_UNDECLARED_SELECTOR = YES;
				GCC_WARN_UNINITIALIZED_AUTOS = YES_AGGRESSIVE;
				GCC_WARN_UNUSED_FUNCTION = YES;
				GCC_WARN_UNUSED_VARIABLE = YES;
				IPHONEOS_DEPLOYMENT_TARGET = 16.4;
				MTL_ENABLE_DEBUG_INFO = INCLUDE_SOURCE;
				MTL_FAST_MATH = YES;
				ONLY_ACTIVE_ARCH = YES;
				SDKROOT = iphoneos;
				SWIFT_ACTIVE_COMPILATION_CONDITIONS = DEBUG;
				SWIFT_OPTIMIZATION_LEVEL = "-Onone";
			};
			name = Debug;
		};
		916F2EA32EB1AD2B008F60F1 /* Release */ = {
			isa = XCBuildConfiguration;
			buildSettings = {
				ALWAYS_SEARCH_USER_PATHS = NO;
				CLANG_ANALYZER_NONNULL = YES;
				CLANG_ANALYZER_NUMBER_OBJECT_CONVERSION = YES_AGGRESSIVE;
				CLANG_CXX_LANGUAGE_STANDARD = "gnu++20";
				CLANG_ENABLE_MODULES = YES;
				CLANG_ENABLE_OBJC_ARC = YES;
				CLANG_ENABLE_OBJC_WEAK = YES;
				CLANG_WARN_BLOCK_CAPTURE_AUTORELEASING = YES;
				CLANG_WARN_BOOL_CONVERSION = YES;
				CLANG_WARN_COMMA = YES;
				CLANG_WARN_CONSTANT_CONVERSION = YES;
				CLANG_WARN_DEPRECATED_OBJC_IMPLEMENTATIONS = YES;
				CLANG_WARN_DIRECT_OBJC_ISA_USAGE = YES_ERROR;
				CLANG_WARN_DOCUMENTATION_COMMENTS = YES;
				CLANG_WARN_EMPTY_BODY = YES;
				CLANG_WARN_ENUM_CONVERSION = YES;
				CLANG_WARN_INFINITE_RECURSION = YES;
				CLANG_WARN_INT_CONVERSION = YES;
				CLANG_WARN_NON_LITERAL_NULL_CONVERSION = YES;
				CLANG_WARN_OBJC_IMPLICIT_RETAIN_SELF = YES;
				CLANG_WARN_OBJC_LITERAL_CONVERSION = YES;
				CLANG_WARN_OBJC_ROOT_CLASS = YES_ERROR;
				CLANG_WARN_QUOTED_INCLUDE_IN_FRAMEWORK_HEADER = YES;
				CLANG_WARN_RANGE_LOOP_ANALYSIS = YES;
				CLANG_WARN_STRICT_PROTOTYPES = YES;
				CLANG_WARN_SUSPICIOUS_MOVE = YES;
				CLANG_WARN_UNGUARDED_AVAILABILITY = YES_AGGRESSIVE;
				CLANG_WARN_UNREACHABLE_CODE = YES;
				CLANG_WARN__DUPLICATE_METHOD_MATCH = YES;
				COPY_PHASE_STRIP = NO;
				DEBUG_INFORMATION_FORMAT = "dwarf-with-dsym";
				ENABLE_NS_ASSERTIONS = NO;
				ENABLE_STRICT_OBJC_MSGSEND = YES;
				GCC_C_LANGUAGE_STANDARD = gnu11;
				GCC_NO_COMMON_BLOCKS = YES;
				GCC_WARN_64_TO_32_BIT_CONVERSION = YES;
				GCC_WARN_ABOUT_RETURN_TYPE = YES_ERROR;
				GCC_WARN_UNDECLARED_SELECTOR = YES;
				GCC_WARN_UNINITIALIZED_AUTOS = YES_AGGRESSIVE;
				GCC_WARN_UNUSED_FUNCTION = YES;
				GCC_WARN_UNUSED_VARIABLE = YES;
				IPHONEOS_DEPLOYMENT_TARGET = 16.4;
				MTL_ENABLE_DEBUG_INFO = NO;
				MTL_FAST_MATH = YES;
				SDKROOT = iphoneos;
				SWIFT_COMPILATION_MODE = wholemodule;
				SWIFT_OPTIMIZATION_LEVEL = "-O";
				VALIDATE_PRODUCT = YES;
			};
			name = Release;
		};
		916F2EA52EB1AD2B008F60F1 /* Debug */ = {
			isa = XCBuildConfiguration;
			buildSettings = {
				ASSETCATALOG_COMPILER_APPICON_NAME = AppIcon;
				ASSETCATALOG_COMPILER_GLOBAL_ACCENT_COLOR_NAME = AccentColor;
				CODE_SIGN_STYLE = Automatic;
				CURRENT_PROJECT_VERSION = 1;
				DEVELOPMENT_ASSET_PATHS = "\"WhatsUp/Preview Content\"";
				DEVELOPMENT_TEAM = Y5Y2G7UJ92;
				ENABLE_PREVIEWS = YES;
				GENERATE_INFOPLIST_FILE = YES;
				INFOPLIST_KEY_UIApplicationSceneManifest_Generation = YES;
				INFOPLIST_KEY_UIApplicationSupportsIndirectInputEvents = YES;
				INFOPLIST_KEY_UILaunchScreen_Generation = YES;
				INFOPLIST_KEY_UISupportedInterfaceOrientations_iPad = "UIInterfaceOrientationPortrait UIInterfaceOrientationPortraitUpsideDown UIInterfaceOrientationLandscapeLeft UIInterfaceOrientationLandscapeRight";
				INFOPLIST_KEY_UISupportedInterfaceOrientations_iPhone = "UIInterfaceOrientationPortrait UIInterfaceOrientationLandscapeLeft UIInterfaceOrientationLandscapeRight";
				LD_RUNPATH_SEARCH_PATHS = (
					"$(inherited)",
					"@executable_path/Frameworks",
				);
				MARKETING_VERSION = 1.0;
				PRODUCT_BUNDLE_IDENTIFIER = com.farihmhmd.WhatsUp;
				PRODUCT_NAME = "$(TARGET_NAME)";
				SWIFT_EMIT_LOC_STRINGS = YES;
				SWIFT_VERSION = 5.0;
				TARGETED_DEVICE_FAMILY = "1,2";
			};
			name = Debug;
		};
		916F2EA62EB1AD2B008F60F1 /* Release */ = {
			isa = XCBuildConfiguration;
			buildSettings = {
				ASSETCATALOG_COMPILER_APPICON_NAME = AppIcon;
				ASSETCATALOG_COMPILER_GLOBAL_ACCENT_COLOR_NAME = AccentColor;
				CODE_SIGN_STYLE = Automatic;
				CURRENT_PROJECT_VERSION = 1;
				DEVELOPMENT_ASSET_PATHS = "\"WhatsUp/Preview Content\"";
				DEVELOPMENT_TEAM = Y5Y2G7UJ92;
				ENABLE_PREVIEWS = YES;
				GENERATE_INFOPLIST_FILE = YES;
				INFOPLIST_KEY_UIApplicationSceneManifest_Generation = YES;
				INFOPLIST_KEY_UIApplicationSupportsIndirectInputEvents = YES;
				INFOPLIST_KEY_UILaunchScreen_Generation = YES;
				INFOPLIST_KEY_UISupportedInterfaceOrientations_iPad = "UIInterfaceOrientationPortrait UIInterfaceOrientationPortraitUpsideDown UIInterfaceOrientationLandscapeLeft UIInterfaceOrientationLandscapeRight";
				INFOPLIST_KEY_UISupportedInterfaceOrientations_iPhone = "UIInterfaceOrientationPortrait UIInterfaceOrientationLandscapeLeft UIInterfaceOrientationLandscapeRight";
				LD_RUNPATH_SEARCH_PATHS = (
					"$(inherited)",
					"@executable_path/Frameworks",
				);
				MARKETING_VERSION = 1.0;
				PRODUCT_BUNDLE_IDENTIFIER = com.farihmhmd.WhatsUp;
				PRODUCT_NAME = "$(TARGET_NAME)";
				SWIFT_EMIT_LOC_STRINGS = YES;
				SWIFT_VERSION = 5.0;
				TARGETED_DEVICE_FAMILY = "1,2";
			};
			name = Release;
		};
/* End XCBuildConfiguration section */

/* Begin XCConfigurationList section */
		916F2E912EB1AD2A008F60F1 /* Build configuration list for PBXProject "WhatsUp" */ = {
			isa = XCConfigurationList;
			buildConfigurations = (
				916F2EA22EB1AD2B008F60F1 /* Debug */,
				916F2EA32EB1AD2B008F60F1 /* Release */,
			);
			defaultConfigurationIsVisible = 0;
			defaultConfigurationName = Release;
		};
		916F2EA42EB1AD2B008F60F1 /* Build configuration list for PBXNativeTarget "WhatsUp" */ = {
			isa = XCConfigurationList;
			buildConfigurations = (
				916F2EA52EB1AD2B008F60F1 /* Debug */,
				916F2EA62EB1AD2B008F60F1 /* Release */,
			);
			defaultConfigurationIsVisible = 0;
			defaultConfigurationName = Release;
		};
/* End XCConfigurationList section */

/* Begin XCRemoteSwiftPackageReference section */
		910CD12F2EB1C8F8009E030B /* XCRemoteSwiftPackageReference "deprecated-generative-ai-swift" */ = {
			isa = XCRemoteSwiftPackageReference;
			repositoryURL = "https://github.com/google-gemini/deprecated-generative-ai-swift";
			requirement = {
				kind = upToNextMajorVersion;
				minimumVersion = 0.5.6;
			};
		};
		916F2EA92EB1B30C008F60F1 /* XCRemoteSwiftPackageReference "firebase-ios-sdk" */ = {
			isa = XCRemoteSwiftPackageReference;
			repositoryURL = "https://github.com/firebase/firebase-ios-sdk";
			requirement = {
				kind = upToNextMajorVersion;
				minimumVersion = 10.29.0;
			};
		};
/* End XCRemoteSwiftPackageReference section */

/* Begin XCSwiftPackageProductDependency section */
		916F2EAA2EB1B30C008F60F1 /* FirebaseAuth */ = {
			isa = XCSwiftPackageProductDependency;
			package = 916F2EA92EB1B30C008F60F1 /* XCRemoteSwiftPackageReference "firebase-ios-sdk" */;
			productName = FirebaseAuth;
		};
		916F2EAC2EB1B30C008F60F1 /* FirebaseFirestore */ = {
			isa = XCSwiftPackageProductDependency;
			package = 916F2EA92EB1B30C008F60F1 /* XCRemoteSwiftPackageReference "firebase-ios-sdk" */;
			productName = FirebaseFirestore;
		};
		916F2EAE2EB1B30C008F60F1 /* FirebaseFirestoreSwift */ = {
			isa = XCSwiftPackageProductDependency;
			package = 916F2EA92EB1B30C008F60F1 /* XCRemoteSwiftPackageReference "firebase-ios-sdk" */;
			productName = FirebaseFirestoreSwift;
		};
		916F2EB02EB1B30C008F60F1 /* FirebaseStorage */ = {
			isa = XCSwiftPackageProductDependency;
			package = 916F2EA92EB1B30C008F60F1 /* XCRemoteSwiftPackageReference "firebase-ios-sdk" */;
			productName = FirebaseStorage;
		};
/* End XCSwiftPackageProductDependency section */
	};
	rootObject = 916F2E8E2EB1AD2A008F60F1 /* Project object */;
}
